
Microsoft Visual Studio Solution File, Format Version 12.00
# Visual Studio Version 17
VisualStudioVersion = 17.8.34322.80
MinimumVisualStudioVersion = 10.0.40219.1
Project("{2150E333-8FDC-42A3-9474-1A3956D46DE8}") = "src", "src", "{EF9D84AC-F2E0-4887-84AC-45265FE6F4E8}"
EndProject
Project("{2150E333-8FDC-42A3-9474-1A3956D46DE8}") = "Solution Items", "Solution Items", "{CA77E76C-0BC7-4F68-8513-5354A3B6617A}"
	ProjectSection(SolutionItems) = preProject
		Notlar.txt = Notlar.txt
		ServiceUrls.txt = ServiceUrls.txt
	EndProjectSection
EndProject
Project("{2150E333-8FDC-42A3-9474-1A3956D46DE8}") = "ApiGateways", "ApiGateways", "{382F5DD6-6077-457C-A15D-3F7A5480529E}"
EndProject
Project("{2150E333-8FDC-42A3-9474-1A3956D46DE8}") = "BuildingBlocks", "BuildingBlocks", "{FB839ACF-CA6D-4302-B017-652DD3F3C9FC}"
EndProject
Project("{2150E333-8FDC-42A3-9474-1A3956D46DE8}") = "Services", "Services", "{3F1A2530-3542-4F6E-BC6D-7EBE79F53064}"
EndProject
Project("{2150E333-8FDC-42A3-9474-1A3956D46DE8}") = "Clients", "Clients", "{ABE45AB8-5E41-4656-BF0A-C2D6AD8E9D67}"
EndProject
Project("{2150E333-8FDC-42A3-9474-1A3956D46DE8}") = "WebApiGateway", "WebApiGateway", "{8F412BE7-9724-4A42-838D-156FC02692AF}"
EndProject
Project("{2150E333-8FDC-42A3-9474-1A3956D46DE8}") = "EventBus", "EventBus", "{72AE0504-1814-44C4-A291-D726E5490609}"
EndProject
Project("{9A19103F-16F7-4668-BE54-9A1E7A4F7556}") = "EventBus.Base", "src\BuildingBlocks\EventBus\EventBus.Base\EventBus.Base.csproj", "{111D062F-4616-4014-984F-24B66FE2C0E0}"
EndProject
Project("{9A19103F-16F7-4668-BE54-9A1E7A4F7556}") = "EventBus.Factory", "src\BuildingBlocks\EventBus\EventBus.Factory\EventBus.Factory.csproj", "{66FB9C60-4F18-49AA-A0E7-7B413E1DBE9D}"
EndProject
Project("{9A19103F-16F7-4668-BE54-9A1E7A4F7556}") = "EventBus.AzureServiceBus", "src\BuildingBlocks\EventBus\EventBus.AzureServiceBus\EventBus.AzureServiceBus.csproj", "{0166077D-B976-4779-BF95-6FBA37E85314}"
EndProject
Project("{9A19103F-16F7-4668-BE54-9A1E7A4F7556}") = "EventBus.RabbitMQ", "src\BuildingBlocks\EventBus\EventBus.RabbitMQ\EventBus.RabbitMQ.csproj", "{61EA547F-6140-4C7D-96CD-1779E7E90F32}"
EndProject
Project("{2150E333-8FDC-42A3-9474-1A3956D46DE8}") = "BlazorWebApp", "BlazorWebApp", "{34DF1BF3-A6E0-4891-B604-E97C74C1C9B9}"
EndProject
Project("{9A19103F-16F7-4668-BE54-9A1E7A4F7556}") = "WebApp", "src\Clients\BlazorWebApp\WebApp\WebApp.csproj", "{02EE02B5-9915-42DA-90BA-05B3D6050F0C}"
EndProject
Project("{2150E333-8FDC-42A3-9474-1A3956D46DE8}") = "BasketService", "BasketService", "{C6432ADE-589A-453B-B7D5-8F95CC5D9EB4}"
EndProject
Project("{9A19103F-16F7-4668-BE54-9A1E7A4F7556}") = "Web.ApiGateway", "src\ApiGateways\WebApiGateway\Web.ApiGateway\Web.ApiGateway.csproj", "{80417A00-35D8-40DC-8B1A-E0C24A215EC8}"
EndProject
Project("{2150E333-8FDC-42A3-9474-1A3956D46DE8}") = "CatalogService", "CatalogService", "{A99C3A1A-D648-4ED1-A2BC-D350E9079A39}"
EndProject
Project("{9A19103F-16F7-4668-BE54-9A1E7A4F7556}") = "CatalogService.Api", "src\Services\CatalogService\CatalogService.Api\CatalogService.Api.csproj", "{7369D9DB-563C-4D58-BB2B-C5FA0C59918D}"
EndProject
Project("{2150E333-8FDC-42A3-9474-1A3956D46DE8}") = "IdentityService", "IdentityService", "{8EDE07A6-925D-4A06-B355-94D3F5559501}"
EndProject
Project("{9A19103F-16F7-4668-BE54-9A1E7A4F7556}") = "IdentityService.Api", "src\Services\IdentityService\IdentityService.Api\IdentityService.Api.csproj", "{F2FCEC91-2862-4238-992E-8F4FA4F50D77}"
EndProject
Project("{2150E333-8FDC-42A3-9474-1A3956D46DE8}") = "NotificationService", "NotificationService", "{487D677D-810B-4C35-9D40-44C92AD89A47}"
EndProject
Project("{9A19103F-16F7-4668-BE54-9A1E7A4F7556}") = "NotificationService", "src\Services\NotificationService\NotificationService\NotificationService.csproj", "{F57DE452-C4B9-4E92-A002-E60C304C45A5}"
EndProject
Project("{2150E333-8FDC-42A3-9474-1A3956D46DE8}") = "OrderService", "OrderService", "{8D0F5626-8A60-4F51-A362-248402E7E4FE}"
EndProject
Project("{9A19103F-16F7-4668-BE54-9A1E7A4F7556}") = "OrderService.Domain", "src\Services\OrderService\OrderService.Domain\OrderService.Domain.csproj", "{7A788601-D2D6-4153-8D7A-E9EB545F87AF}"
EndProject
Project("{9A19103F-16F7-4668-BE54-9A1E7A4F7556}") = "OrderService.Application", "src\Services\OrderService\OrderService.Application\OrderService.Application.csproj", "{EAF0A76F-FB11-41A2-A095-ACCD74519593}"
EndProject
Project("{9A19103F-16F7-4668-BE54-9A1E7A4F7556}") = "OrderService.Infrastructure", "src\Services\OrderService\OrderService.Infrastructure\OrderService.Infrastructure.csproj", "{083D7F00-0731-4797-BBC1-0AE3F2C40713}"
EndProject
Project("{9A19103F-16F7-4668-BE54-9A1E7A4F7556}") = "OrderService.Api", "src\Services\OrderService\OrderService.Api\OrderService.Api.csproj", "{FCD3AEC2-8658-4487-BA30-48F7A44078F4}"
EndProject
Project("{9A19103F-16F7-4668-BE54-9A1E7A4F7556}") = "BasketService.Api", "src\Services\BasketService\BasketService.Api\BasketService.Api.csproj", "{88D9D8D7-7A7D-43B5-A14C-3259C2DD0A2F}"
EndProject
Project("{2150E333-8FDC-42A3-9474-1A3956D46DE8}") = "PaymentService", "PaymentService", "{9708325F-BC03-4D12-B173-A4892E52110D}"
EndProject
Project("{9A19103F-16F7-4668-BE54-9A1E7A4F7556}") = "PaymentService.Api", "src\Services\PaymentService\PaymentService.Api\PaymentService.Api.csproj", "{DDC8C686-02C6-4544-8F65-9D85C1202C45}"
EndProject
Global
	GlobalSection(SolutionConfigurationPlatforms) = preSolution
		Debug|Any CPU = Debug|Any CPU
		Release|Any CPU = Release|Any CPU
	EndGlobalSection
	GlobalSection(ProjectConfigurationPlatforms) = postSolution
		{111D062F-4616-4014-984F-24B66FE2C0E0}.Debug|Any CPU.ActiveCfg = Debug|Any CPU
		{111D062F-4616-4014-984F-24B66FE2C0E0}.Debug|Any CPU.Build.0 = Debug|Any CPU
		{111D062F-4616-4014-984F-24B66FE2C0E0}.Release|Any CPU.ActiveCfg = Release|Any CPU
		{111D062F-4616-4014-984F-24B66FE2C0E0}.Release|Any CPU.Build.0 = Release|Any CPU
		{66FB9C60-4F18-49AA-A0E7-7B413E1DBE9D}.Debug|Any CPU.ActiveCfg = Debug|Any CPU
		{66FB9C60-4F18-49AA-A0E7-7B413E1DBE9D}.Debug|Any CPU.Build.0 = Debug|Any CPU
		{66FB9C60-4F18-49AA-A0E7-7B413E1DBE9D}.Release|Any CPU.ActiveCfg = Release|Any CPU
		{66FB9C60-4F18-49AA-A0E7-7B413E1DBE9D}.Release|Any CPU.Build.0 = Release|Any CPU
		{0166077D-B976-4779-BF95-6FBA37E85314}.Debug|Any CPU.ActiveCfg = Debug|Any CPU
		{0166077D-B976-4779-BF95-6FBA37E85314}.Debug|Any CPU.Build.0 = Debug|Any CPU
		{0166077D-B976-4779-BF95-6FBA37E85314}.Release|Any CPU.ActiveCfg = Release|Any CPU
		{0166077D-B976-4779-BF95-6FBA37E85314}.Release|Any CPU.Build.0 = Release|Any CPU
		{61EA547F-6140-4C7D-96CD-1779E7E90F32}.Debug|Any CPU.ActiveCfg = Debug|Any CPU
		{61EA547F-6140-4C7D-96CD-1779E7E90F32}.Debug|Any CPU.Build.0 = Debug|Any CPU
		{61EA547F-6140-4C7D-96CD-1779E7E90F32}.Release|Any CPU.ActiveCfg = Release|Any CPU
		{61EA547F-6140-4C7D-96CD-1779E7E90F32}.Release|Any CPU.Build.0 = Release|Any CPU
		{02EE02B5-9915-42DA-90BA-05B3D6050F0C}.Debug|Any CPU.ActiveCfg = Debug|Any CPU
		{02EE02B5-9915-42DA-90BA-05B3D6050F0C}.Debug|Any CPU.Build.0 = Debug|Any CPU
		{02EE02B5-9915-42DA-90BA-05B3D6050F0C}.Release|Any CPU.ActiveCfg = Release|Any CPU
		{02EE02B5-9915-42DA-90BA-05B3D6050F0C}.Release|Any CPU.Build.0 = Release|Any CPU
		{80417A00-35D8-40DC-8B1A-E0C24A215EC8}.Debug|Any CPU.ActiveCfg = Debug|Any CPU
		{80417A00-35D8-40DC-8B1A-E0C24A215EC8}.Debug|Any CPU.Build.0 = Debug|Any CPU
		{80417A00-35D8-40DC-8B1A-E0C24A215EC8}.Release|Any CPU.ActiveCfg = Release|Any CPU
		{80417A00-35D8-40DC-8B1A-E0C24A215EC8}.Release|Any CPU.Build.0 = Release|Any CPU
		{7369D9DB-563C-4D58-BB2B-C5FA0C59918D}.Debug|Any CPU.ActiveCfg = Debug|Any CPU
		{7369D9DB-563C-4D58-BB2B-C5FA0C59918D}.Debug|Any CPU.Build.0 = Debug|Any CPU
		{7369D9DB-563C-4D58-BB2B-C5FA0C59918D}.Release|Any CPU.ActiveCfg = Release|Any CPU
		{7369D9DB-563C-4D58-BB2B-C5FA0C59918D}.Release|Any CPU.Build.0 = Release|Any CPU
		{F2FCEC91-2862-4238-992E-8F4FA4F50D77}.Debug|Any CPU.ActiveCfg = Debug|Any CPU
		{F2FCEC91-2862-4238-992E-8F4FA4F50D77}.Debug|Any CPU.Build.0 = Debug|Any CPU
		{F2FCEC91-2862-4238-992E-8F4FA4F50D77}.Release|Any CPU.ActiveCfg = Release|Any CPU
		{F2FCEC91-2862-4238-992E-8F4FA4F50D77}.Release|Any CPU.Build.0 = Release|Any CPU
		{F57DE452-C4B9-4E92-A002-E60C304C45A5}.Debug|Any CPU.ActiveCfg = Debug|Any CPU
		{F57DE452-C4B9-4E92-A002-E60C304C45A5}.Debug|Any CPU.Build.0 = Debug|Any CPU
		{F57DE452-C4B9-4E92-A002-E60C304C45A5}.Release|Any CPU.ActiveCfg = Release|Any CPU
		{F57DE452-C4B9-4E92-A002-E60C304C45A5}.Release|Any CPU.Build.0 = Release|Any CPU
		{7A788601-D2D6-4153-8D7A-E9EB545F87AF}.Debug|Any CPU.ActiveCfg = Debug|Any CPU
		{7A788601-D2D6-4153-8D7A-E9EB545F87AF}.Debug|Any CPU.Build.0 = Debug|Any CPU
		{7A788601-D2D6-4153-8D7A-E9EB545F87AF}.Release|Any CPU.ActiveCfg = Release|Any CPU
		{7A788601-D2D6-4153-8D7A-E9EB545F87AF}.Release|Any CPU.Build.0 = Release|Any CPU
		{EAF0A76F-FB11-41A2-A095-ACCD74519593}.Debug|Any CPU.ActiveCfg = Debug|Any CPU
		{EAF0A76F-FB11-41A2-A095-ACCD74519593}.Debug|Any CPU.Build.0 = Debug|Any CPU
		{EAF0A76F-FB11-41A2-A095-ACCD74519593}.Release|Any CPU.ActiveCfg = Release|Any CPU
		{EAF0A76F-FB11-41A2-A095-ACCD74519593}.Release|Any CPU.Build.0 = Release|Any CPU
		{083D7F00-0731-4797-BBC1-0AE3F2C40713}.Debug|Any CPU.ActiveCfg = Debug|Any CPU
		{083D7F00-0731-4797-BBC1-0AE3F2C40713}.Debug|Any CPU.Build.0 = Debug|Any CPU
		{083D7F00-0731-4797-BBC1-0AE3F2C40713}.Release|Any CPU.ActiveCfg = Release|Any CPU
		{083D7F00-0731-4797-BBC1-0AE3F2C40713}.Release|Any CPU.Build.0 = Release|Any CPU
		{FCD3AEC2-8658-4487-BA30-48F7A44078F4}.Debug|Any CPU.ActiveCfg = Debug|Any CPU
		{FCD3AEC2-8658-4487-BA30-48F7A44078F4}.Debug|Any CPU.Build.0 = Debug|Any CPU
		{FCD3AEC2-8658-4487-BA30-48F7A44078F4}.Release|Any CPU.ActiveCfg = Release|Any CPU
		{FCD3AEC2-8658-4487-BA30-48F7A44078F4}.Release|Any CPU.Build.0 = Release|Any CPU
		{88D9D8D7-7A7D-43B5-A14C-3259C2DD0A2F}.Debug|Any CPU.ActiveCfg = Debug|Any CPU
		{88D9D8D7-7A7D-43B5-A14C-3259C2DD0A2F}.Debug|Any CPU.Build.0 = Debug|Any CPU
		{88D9D8D7-7A7D-43B5-A14C-3259C2DD0A2F}.Release|Any CPU.ActiveCfg = Release|Any CPU
		{88D9D8D7-7A7D-43B5-A14C-3259C2DD0A2F}.Release|Any CPU.Build.0 = Release|Any CPU
		{DDC8C686-02C6-4544-8F65-9D85C1202C45}.Debug|Any CPU.ActiveCfg = Debug|Any CPU
		{DDC8C686-02C6-4544-8F65-9D85C1202C45}.Debug|Any CPU.Build.0 = Debug|Any CPU
		{DDC8C686-02C6-4544-8F65-9D85C1202C45}.Release|Any CPU.ActiveCfg = Release|Any CPU
		{DDC8C686-02C6-4544-8F65-9D85C1202C45}.Release|Any CPU.Build.0 = Release|Any CPU
	EndGlobalSection
	GlobalSection(SolutionProperties) = preSolution
		HideSolutionNode = FALSE
	EndGlobalSection
	GlobalSection(NestedProjects) = preSolution
		{382F5DD6-6077-457C-A15D-3F7A5480529E} = {EF9D84AC-F2E0-4887-84AC-45265FE6F4E8}
		{FB839ACF-CA6D-4302-B017-652DD3F3C9FC} = {EF9D84AC-F2E0-4887-84AC-45265FE6F4E8}
		{3F1A2530-3542-4F6E-BC6D-7EBE79F53064} = {EF9D84AC-F2E0-4887-84AC-45265FE6F4E8}
		{ABE45AB8-5E41-4656-BF0A-C2D6AD8E9D67} = {EF9D84AC-F2E0-4887-84AC-45265FE6F4E8}
		{8F412BE7-9724-4A42-838D-156FC02692AF} = {382F5DD6-6077-457C-A15D-3F7A5480529E}
		{72AE0504-1814-44C4-A291-D726E5490609} = {FB839ACF-CA6D-4302-B017-652DD3F3C9FC}
		{111D062F-4616-4014-984F-24B66FE2C0E0} = {72AE0504-1814-44C4-A291-D726E5490609}
		{66FB9C60-4F18-49AA-A0E7-7B413E1DBE9D} = {72AE0504-1814-44C4-A291-D726E5490609}
		{0166077D-B976-4779-BF95-6FBA37E85314} = {72AE0504-1814-44C4-A291-D726E5490609}
		{61EA547F-6140-4C7D-96CD-1779E7E90F32} = {72AE0504-1814-44C4-A291-D726E5490609}
		{34DF1BF3-A6E0-4891-B604-E97C74C1C9B9} = {ABE45AB8-5E41-4656-BF0A-C2D6AD8E9D67}
		{02EE02B5-9915-42DA-90BA-05B3D6050F0C} = {34DF1BF3-A6E0-4891-B604-E97C74C1C9B9}
		{C6432ADE-589A-453B-B7D5-8F95CC5D9EB4} = {3F1A2530-3542-4F6E-BC6D-7EBE79F53064}
		{80417A00-35D8-40DC-8B1A-E0C24A215EC8} = {8F412BE7-9724-4A42-838D-156FC02692AF}
		{A99C3A1A-D648-4ED1-A2BC-D350E9079A39} = {3F1A2530-3542-4F6E-BC6D-7EBE79F53064}
		{7369D9DB-563C-4D58-BB2B-C5FA0C59918D} = {A99C3A1A-D648-4ED1-A2BC-D350E9079A39}
		{8EDE07A6-925D-4A06-B355-94D3F5559501} = {3F1A2530-3542-4F6E-BC6D-7EBE79F53064}
		{F2FCEC91-2862-4238-992E-8F4FA4F50D77} = {8EDE07A6-925D-4A06-B355-94D3F5559501}
		{487D677D-810B-4C35-9D40-44C92AD89A47} = {3F1A2530-3542-4F6E-BC6D-7EBE79F53064}
		{F57DE452-C4B9-4E92-A002-E60C304C45A5} = {487D677D-810B-4C35-9D40-44C92AD89A47}
		{8D0F5626-8A60-4F51-A362-248402E7E4FE} = {3F1A2530-3542-4F6E-BC6D-7EBE79F53064}
		{7A788601-D2D6-4153-8D7A-E9EB545F87AF} = {8D0F5626-8A60-4F51-A362-248402E7E4FE}
		{EAF0A76F-FB11-41A2-A095-ACCD74519593} = {8D0F5626-8A60-4F51-A362-248402E7E4FE}
		{083D7F00-0731-4797-BBC1-0AE3F2C40713} = {8D0F5626-8A60-4F51-A362-248402E7E4FE}
		{FCD3AEC2-8658-4487-BA30-48F7A44078F4} = {8D0F5626-8A60-4F51-A362-248402E7E4FE}
		{88D9D8D7-7A7D-43B5-A14C-3259C2DD0A2F} = {C6432ADE-589A-453B-B7D5-8F95CC5D9EB4}
		{9708325F-BC03-4D12-B173-A4892E52110D} = {3F1A2530-3542-4F6E-BC6D-7EBE79F53064}
		{DDC8C686-02C6-4544-8F65-9D85C1202C45} = {9708325F-BC03-4D12-B173-A4892E52110D}
	EndGlobalSection
	GlobalSection(ExtensibilityGlobals) = postSolution
		SolutionGuid = {ED23F6AF-CD2E-4502-814E-95F71A92DA44}
	EndGlobalSection
EndGlobal
